
Microsoft Visual Studio Solution File, Format Version 12.00
# Visual Studio Version 16
VisualStudioVersion = 16.0.31729.503
MinimumVisualStudioVersion = 10.0.40219.1
Project("{9A19103F-16F7-4668-BE54-9A1E7A4F7556}") = "Task 2", "Task 2\Task 2.csproj", "{BB2D39DA-DB0F-4798-B455-DCB76F6FD842}"
EndProject
Project("{9A19103F-16F7-4668-BE54-9A1E7A4F7556}") = "Task 3", "Task 3\Task 3.csproj", "{C90A6034-A71C-469B-8BBB-A9BC25A828DF}"
EndProject
Project("{FAE04EC0-301F-11D3-BF4B-00C04F79EFBC}") = "Task 1", "Task 1\Task 1.csproj", "{BB0A470F-268B-4A35-A0B7-4C25A2F0C09B}"
EndProject
Global
	GlobalSection(SolutionConfigurationPlatforms) = preSolution
		Debug|Any CPU = Debug|Any CPU
		Release|Any CPU = Release|Any CPU
	EndGlobalSection
	GlobalSection(ProjectConfigurationPlatforms) = postSolution
		{BB2D39DA-DB0F-4798-B455-DCB76F6FD842}.Debug|Any CPU.ActiveCfg = Debug|Any CPU
		{BB2D39DA-DB0F-4798-B455-DCB76F6FD842}.Debug|Any CPU.Build.0 = Debug|Any CPU
		{BB2D39DA-DB0F-4798-B455-DCB76F6FD842}.Release|Any CPU.ActiveCfg = Release|Any CPU
		{BB2D39DA-DB0F-4798-B455-DCB76F6FD842}.Release|Any CPU.Build.0 = Release|Any CPU
		{C90A6034-A71C-469B-8BBB-A9BC25A828DF}.Debug|Any CPU.ActiveCfg = Debug|Any CPU
		{C90A6034-A71C-469B-8BBB-A9BC25A828DF}.Debug|Any CPU.Build.0 = Debug|Any CPU
		{C90A6034-A71C-469B-8BBB-A9BC25A828DF}.Release|Any CPU.ActiveCfg = Release|Any CPU
		{C90A6034-A71C-469B-8BBB-A9BC25A828DF}.Release|Any CPU.Build.0 = Release|Any CPU
		{BB0A470F-268B-4A35-A0B7-4C25A2F0C09B}.Debug|Any CPU.ActiveCfg = Debug|Any CPU
		{BB0A470F-268B-4A35-A0B7-4C25A2F0C09B}.Debug|Any CPU.Build.0 = Debug|Any CPU
		{BB0A470F-268B-4A35-A0B7-4C25A2F0C09B}.Release|Any CPU.ActiveCfg = Release|Any CPU
		{BB0A470F-268B-4A35-A0B7-4C25A2F0C09B}.Release|Any CPU.Build.0 = Release|Any CPU
	EndGlobalSection
	GlobalSection(SolutionProperties) = preSolution
		HideSolutionNode = FALSE
	EndGlobalSection
	GlobalSection(ExtensibilityGlobals) = postSolution
		SolutionGuid = {06D08B8E-B26A-40D7-981E-993F4637A33F}
	EndGlobalSection
EndGlobal
